
Microsoft Visual Studio Solution File, Format Version 12.00
# Visual Studio Version 16
VisualStudioVersion = 16.0.30104.148
MinimumVisualStudioVersion = 10.0.40219.1
Project("{8BC9CEB8-8B4A-11D0-8D11-00A0C91BC942}") = "SpeedFlipTrainer", "SpeedFlipTrainer\SpeedFlipTrainer.vcxproj", "{AB079BD3-2F97-45A1-B14D-DF66D739359F}"
EndProject
Global
	GlobalSection(SolutionConfigurationPlatforms) = preSolution
		Debug|x64 = Debug|x64
		Debug|x86 = Debug|x86
		Release|x64 = Release|x64
		Release|x86 = Release|x86
	EndGlobalSection
	GlobalSection(ProjectConfigurationPlatforms) = postSolution
		{AB079BD3-2F97-45A1-B14D-DF66D739359F}.Debug|x64.ActiveCfg = Release|x64
		{AB079BD3-2F97-45A1-B14D-DF66D739359F}.Debug|x64.Build.0 = Release|x64
		{AB079BD3-2F97-45A1-B14D-DF66D739359F}.Debug|x86.ActiveCfg = Release|x64
		{AB079BD3-2F97-45A1-B14D-DF66D739359F}.Debug|x86.Build.0 = Release|x64
		{AB079BD3-2F97-45A1-B14D-DF66D739359F}.Release|x64.ActiveCfg = Release|x64
		{AB079BD3-2F97-45A1-B14D-DF66D739359F}.Release|x64.Build.0 = Release|x64
		{AB079BD3-2F97-45A1-B14D-DF66D739359F}.Release|x86.ActiveCfg = Release|x64
	EndGlobalSection
	GlobalSection(SolutionProperties) = preSolution
		HideSolutionNode = FALSE
	EndGlobalSection
	GlobalSection(ExtensibilityGlobals) = postSolution
		SolutionGuid = {3EA654E6-5FE4-46B7-A324-9A17EFD0993C}
	EndGlobalSection
EndGlobal
